{
  "nodes": {
    "nixpkgs": {
      "locked": {
        "lastModified": 1677587185,
        "narHash": "sha256-zYT66MAYwctAQqI5VBw3LbBXiSKdB8vuMAqCGG8onbE=",
        "owner": "NixOS",
        "repo": "nixpkgs",
        "rev": "68196a61c26748d3e53a6803de3d2f8c69f27831",
        "type": "github"
      },
      "original": {
        "id": "nixpkgs",
        "ref": "nixos-unstable",
        "type": "indirect"
      }
    },
    "nixpkgs-stable": {
      "locked": {
        "lastModified": 1677560965,
        "narHash": "sha256-Tqwt5alTtMnbYUPKCYRYZqlfbjprLgDWqjMhXpFMQ6k=",
        "owner": "NixOS",
        "repo": "nixpkgs",
        "rev": "40968a3aa489191cf4b7ba85cf2a54d8a75c8daa",
        "type": "github"
      },
      "original": {
        "owner": "NixOS",
        "ref": "release-22.11",
        "repo": "nixpkgs",
        "type": "github"
      }
    },
    "nurpkgs": {
      "locked": {
        "lastModified": 1677757140,
        "narHash": "sha256-Ryzmfc/WdK9jGVn+vWTFP+xshOGG7ETDdGuIoZ6bAoQ=",
        "owner": "nix-community",
        "repo": "NUR",
        "rev": "43b3d068d77851cd9c4c976e4433b4945b9e21c8",
        "type": "github"
      },
      "original": {
        "owner": "nix-community",
        "repo": "NUR",
        "type": "github"
      }
    },
    "root": {
      "inputs": {
        "nixpkgs": "nixpkgs",
        "nurpkgs": "nurpkgs",
        "sops-nix": "sops-nix"
      }
    },
    "sops-nix": {
      "inputs": {
        "nixpkgs": [
          "nixpkgs"
        ],
        "nixpkgs-stable": "nixpkgs-stable"
      },
      "locked": {
        "lastModified": 1677833841,
        "narHash": "sha256-yHZFGe7dhBE43FFWKiWc29NuveH+nfyTT6oKyFDEMys=",
        "owner": "Mic92",
        "repo": "sops-nix",
        "rev": "128e9b29ddd88ceb634a28f7dbbfee7b895f005f",
        "type": "github"
      },
      "original": {
        "owner": "Mic92",
        "repo": "sops-nix",
        "type": "github"
      }
    }
  },
  "root": "root",
  "version": 7
}
